
Microsoft Visual Studio Solution File, Format Version 12.00
# Visual Studio Version 17
VisualStudioVersion = 17.9.34616.47
MinimumVisualStudioVersion = 10.0.40219.1
Project("{FAE04EC0-301F-11D3-BF4B-00C04F79EFBC}") = "JWTToken", "JWTToken.csproj", "{A6121177-325F-4D23-AB19-32F0DB58FD39}"
EndProject
Project("{FAE04EC0-301F-11D3-BF4B-00C04F79EFBC}") = "Service", "..\Service\Service.csproj", "{521C0C85-F86F-4C6C-AE27-7B8D7A66A891}"
EndProject
Global
	GlobalSection(SolutionConfigurationPlatforms) = preSolution
		Debug|Any CPU = Debug|Any CPU
		Release|Any CPU = Release|Any CPU
	EndGlobalSection
	GlobalSection(ProjectConfigurationPlatforms) = postSolution
		{A6121177-325F-4D23-AB19-32F0DB58FD39}.Debug|Any CPU.ActiveCfg = Debug|Any CPU
		{A6121177-325F-4D23-AB19-32F0DB58FD39}.Debug|Any CPU.Build.0 = Debug|Any CPU
		{A6121177-325F-4D23-AB19-32F0DB58FD39}.Release|Any CPU.ActiveCfg = Release|Any CPU
		{A6121177-325F-4D23-AB19-32F0DB58FD39}.Release|Any CPU.Build.0 = Release|Any CPU
		{521C0C85-F86F-4C6C-AE27-7B8D7A66A891}.Debug|Any CPU.ActiveCfg = Debug|Any CPU
		{521C0C85-F86F-4C6C-AE27-7B8D7A66A891}.Debug|Any CPU.Build.0 = Debug|Any CPU
		{521C0C85-F86F-4C6C-AE27-7B8D7A66A891}.Release|Any CPU.ActiveCfg = Release|Any CPU
		{521C0C85-F86F-4C6C-AE27-7B8D7A66A891}.Release|Any CPU.Build.0 = Release|Any CPU
	EndGlobalSection
	GlobalSection(SolutionProperties) = preSolution
		HideSolutionNode = FALSE
	EndGlobalSection
	GlobalSection(ExtensibilityGlobals) = postSolution
		SolutionGuid = {7C93EE4A-E341-4DA1-8A2B-2167EDA71C86}
	EndGlobalSection
EndGlobal
